
Microsoft Visual Studio Solution File, Format Version 12.00
# Visual Studio 15
VisualStudioVersion = 15.0.28010.2041
MinimumVisualStudioVersion = 10.0.40219.1
Project("{FAE04EC0-301F-11D3-BF4B-00C04F79EFBC}") = "SharpAkitaExample", "SharpAkitaExample\SharpAkitaExample.csproj", "{47C95488-37B9-4565-BAB2-EE68EB6BEB68}"
EndProject
Project("{FAE04EC0-301F-11D3-BF4B-00C04F79EFBC}") = "SharpAkitaExampleTest", "SharpAkitaExampleTest\SharpAkitaExampleTest.csproj", "{37E6E0D6-BA24-4F44-83D9-B9FB725147E0}"
EndProject
Global
	GlobalSection(SolutionConfigurationPlatforms) = preSolution
		Debug|Any CPU = Debug|Any CPU
		Release|Any CPU = Release|Any CPU
	EndGlobalSection
	GlobalSection(ProjectConfigurationPlatforms) = postSolution
		{47C95488-37B9-4565-BAB2-EE68EB6BEB68}.Debug|Any CPU.ActiveCfg = Debug|Any CPU
		{47C95488-37B9-4565-BAB2-EE68EB6BEB68}.Debug|Any CPU.Build.0 = Debug|Any CPU
		{47C95488-37B9-4565-BAB2-EE68EB6BEB68}.Release|Any CPU.ActiveCfg = Release|Any CPU
		{47C95488-37B9-4565-BAB2-EE68EB6BEB68}.Release|Any CPU.Build.0 = Release|Any CPU
		{37E6E0D6-BA24-4F44-83D9-B9FB725147E0}.Debug|Any CPU.ActiveCfg = Debug|Any CPU
		{37E6E0D6-BA24-4F44-83D9-B9FB725147E0}.Debug|Any CPU.Build.0 = Debug|Any CPU
		{37E6E0D6-BA24-4F44-83D9-B9FB725147E0}.Release|Any CPU.ActiveCfg = Release|Any CPU
		{37E6E0D6-BA24-4F44-83D9-B9FB725147E0}.Release|Any CPU.Build.0 = Release|Any CPU
	EndGlobalSection
	GlobalSection(SolutionProperties) = preSolution
		HideSolutionNode = FALSE
	EndGlobalSection
	GlobalSection(ExtensibilityGlobals) = postSolution
		SolutionGuid = {E83AF6CA-1DAC-4E0A-B33E-A0CB0DE0DFC6}
	EndGlobalSection
EndGlobal
